
Microsoft Visual Studio Solution File, Format Version 12.00
# Visual Studio Version 17
VisualStudioVersion = 17.0.32126.317
MinimumVisualStudioVersion = 10.0.40219.1
Project("{FAE04EC0-301F-11D3-BF4B-00C04F79EFBC}") = "CampusOrdering", "CampusOrdering.csproj", "{44A54759-6A1F-4A25-B8FE-50B0709D6CF9}"
EndProject
Global
	GlobalSection(SolutionConfigurationPlatforms) = preSolution
		Debug|Any CPU = Debug|Any CPU
		Release|Any CPU = Release|Any CPU
	EndGlobalSection
	GlobalSection(ProjectConfigurationPlatforms) = postSolution
		{44A54759-6A1F-4A25-B8FE-50B0709D6CF9}.Debug|Any CPU.ActiveCfg = Debug|Any CPU
		{44A54759-6A1F-4A25-B8FE-50B0709D6CF9}.Debug|Any CPU.Build.0 = Debug|Any CPU
		{44A54759-6A1F-4A25-B8FE-50B0709D6CF9}.Release|Any CPU.ActiveCfg = Release|Any CPU
		{44A54759-6A1F-4A25-B8FE-50B0709D6CF9}.Release|Any CPU.Build.0 = Release|Any CPU
	EndGlobalSection
	GlobalSection(SolutionProperties) = preSolution
		HideSolutionNode = FALSE
	EndGlobalSection
	GlobalSection(ExtensibilityGlobals) = postSolution
		SolutionGuid = {6EE50794-6DDB-4813-9D04-3795EA1ACB98}
	EndGlobalSection
EndGlobal
